
Microsoft Visual Studio Solution File, Format Version 12.00
# Visual Studio 15
VisualStudioVersion = 15.0.28307.572
MinimumVisualStudioVersion = 10.0.40219.1
Project("{9A19103F-16F7-4668-BE54-9A1E7A4F7556}") = "_build", "_build.csproj", "{0E6A21D0-B4A9-4E0D-B09C-FB8DD9751EA0}"
EndProject
Global
	GlobalSection(SolutionConfigurationPlatforms) = preSolution
		Debug|Any CPU = Debug|Any CPU
		Release|Any CPU = Release|Any CPU
	EndGlobalSection
	GlobalSection(ProjectConfigurationPlatforms) = postSolution
		{0E6A21D0-B4A9-4E0D-B09C-FB8DD9751EA0}.Debug|Any CPU.ActiveCfg = Debug|Any CPU
		{0E6A21D0-B4A9-4E0D-B09C-FB8DD9751EA0}.Debug|Any CPU.Build.0 = Debug|Any CPU
		{0E6A21D0-B4A9-4E0D-B09C-FB8DD9751EA0}.Release|Any CPU.ActiveCfg = Release|Any CPU
		{0E6A21D0-B4A9-4E0D-B09C-FB8DD9751EA0}.Release|Any CPU.Build.0 = Release|Any CPU
	EndGlobalSection
	GlobalSection(SolutionProperties) = preSolution
		HideSolutionNode = FALSE
	EndGlobalSection
	GlobalSection(ExtensibilityGlobals) = postSolution
		SolutionGuid = {55CAF18D-7CA8-47E9-9566-E79F693E9E35}
	EndGlobalSection
EndGlobal
